
Microsoft Visual Studio Solution File, Format Version 12.00
# Visual Studio Version 16
VisualStudioVersion = 16.0.30621.155
MinimumVisualStudioVersion = 10.0.40219.1
Project("{FAE04EC0-301F-11D3-BF4B-00C04F79EFBC}") = "VroomReconditionHouse", "VroomReconditionHouse\VroomReconditionHouse.csproj", "{ED27403F-47AF-4FD6-A914-B073BC2C1C8A}"
EndProject
Global
	GlobalSection(SolutionConfigurationPlatforms) = preSolution
		Debug|Any CPU = Debug|Any CPU
		Release|Any CPU = Release|Any CPU
	EndGlobalSection
	GlobalSection(ProjectConfigurationPlatforms) = postSolution
		{ED27403F-47AF-4FD6-A914-B073BC2C1C8A}.Debug|Any CPU.ActiveCfg = Debug|Any CPU
		{ED27403F-47AF-4FD6-A914-B073BC2C1C8A}.Debug|Any CPU.Build.0 = Debug|Any CPU
		{ED27403F-47AF-4FD6-A914-B073BC2C1C8A}.Release|Any CPU.ActiveCfg = Release|Any CPU
		{ED27403F-47AF-4FD6-A914-B073BC2C1C8A}.Release|Any CPU.Build.0 = Release|Any CPU
	EndGlobalSection
	GlobalSection(SolutionProperties) = preSolution
		HideSolutionNode = FALSE
	EndGlobalSection
	GlobalSection(ExtensibilityGlobals) = postSolution
		SolutionGuid = {F990E566-97D7-40E8-8F04-B52314CF639B}
	EndGlobalSection
EndGlobal
